
Microsoft Visual Studio Solution File, Format Version 11.00
# Visual Studio 2010
Project("{8BC9CEB8-8B4A-11D0-8D11-00A0C91BC942}") = "LiuSalon", "LiuSalon\LiuSalon.vcxproj", "{8AB35FC0-A3F1-40E1-82AF-3BDC5360C106}"
EndProject
Global
	GlobalSection(SolutionConfigurationPlatforms) = preSolution
		Debug|Win32 = Debug|Win32
		Debug|x64 = Debug|x64
		LiuSalon1|Win32 = LiuSalon1|Win32
		LiuSalon1|x64 = LiuSalon1|x64
		MayaRelease|Win32 = MayaRelease|Win32
		MayaRelease|x64 = MayaRelease|x64
		Release|Win32 = Release|Win32
		Release|x64 = Release|x64
	EndGlobalSection
	GlobalSection(ProjectConfigurationPlatforms) = postSolution
		{8AB35FC0-A3F1-40E1-82AF-3BDC5360C106}.Debug|Win32.ActiveCfg = Debug_2012|Win32
		{8AB35FC0-A3F1-40E1-82AF-3BDC5360C106}.Debug|Win32.Build.0 = Debug_2012|Win32
		{8AB35FC0-A3F1-40E1-82AF-3BDC5360C106}.Debug|x64.ActiveCfg = Debug_2012|x64
		{8AB35FC0-A3F1-40E1-82AF-3BDC5360C106}.Debug|x64.Build.0 = Debug_2012|x64
		{8AB35FC0-A3F1-40E1-82AF-3BDC5360C106}.LiuSalon1|Win32.ActiveCfg = LiuSalon1|Win32
		{8AB35FC0-A3F1-40E1-82AF-3BDC5360C106}.LiuSalon1|Win32.Build.0 = LiuSalon1|Win32
		{8AB35FC0-A3F1-40E1-82AF-3BDC5360C106}.LiuSalon1|x64.ActiveCfg = LiuSalon1|x64
		{8AB35FC0-A3F1-40E1-82AF-3BDC5360C106}.LiuSalon1|x64.Build.0 = LiuSalon1|x64
		{8AB35FC0-A3F1-40E1-82AF-3BDC5360C106}.MayaRelease|Win32.ActiveCfg = MayaRelease|Win32
		{8AB35FC0-A3F1-40E1-82AF-3BDC5360C106}.MayaRelease|Win32.Build.0 = MayaRelease|Win32
		{8AB35FC0-A3F1-40E1-82AF-3BDC5360C106}.MayaRelease|x64.ActiveCfg = MayaRelease|x64
		{8AB35FC0-A3F1-40E1-82AF-3BDC5360C106}.MayaRelease|x64.Build.0 = MayaRelease|x64
		{8AB35FC0-A3F1-40E1-82AF-3BDC5360C106}.Release|Win32.ActiveCfg = Release_2012|Win32
		{8AB35FC0-A3F1-40E1-82AF-3BDC5360C106}.Release|Win32.Build.0 = Release_2012|Win32
		{8AB35FC0-A3F1-40E1-82AF-3BDC5360C106}.Release|x64.ActiveCfg = MayaRelease|x64
		{8AB35FC0-A3F1-40E1-82AF-3BDC5360C106}.Release|x64.Build.0 = MayaRelease|x64
	EndGlobalSection
	GlobalSection(SolutionProperties) = preSolution
		HideSolutionNode = FALSE
	EndGlobalSection
EndGlobal
